
Microsoft Visual Studio Solution File, Format Version 12.00
# Visual Studio Version 17
VisualStudioVersion = 17.9.34728.123
MinimumVisualStudioVersion = 10.0.40219.1
Project("{9A19103F-16F7-4668-BE54-9A1E7A4F7556}") = "Tests", "Tests\Tests.csproj", "{92C44879-C9F6-46BB-8C7F-3843DEE04029}"
EndProject
Project("{FAE04EC0-301F-11D3-BF4B-00C04F79EFBC}") = "ClassLibraryPOM", "ClassLibraryPOM\ClassLibraryPOM.csproj", "{5FFE91B7-6173-4C9F-9C0B-16C62C993852}"
EndProject
Global
	GlobalSection(SolutionConfigurationPlatforms) = preSolution
		Debug|Any CPU = Debug|Any CPU
		Release|Any CPU = Release|Any CPU
	EndGlobalSection
	GlobalSection(ProjectConfigurationPlatforms) = postSolution
		{92C44879-C9F6-46BB-8C7F-3843DEE04029}.Debug|Any CPU.ActiveCfg = Debug|Any CPU
		{92C44879-C9F6-46BB-8C7F-3843DEE04029}.Debug|Any CPU.Build.0 = Debug|Any CPU
		{92C44879-C9F6-46BB-8C7F-3843DEE04029}.Release|Any CPU.ActiveCfg = Release|Any CPU
		{92C44879-C9F6-46BB-8C7F-3843DEE04029}.Release|Any CPU.Build.0 = Release|Any CPU
		{5FFE91B7-6173-4C9F-9C0B-16C62C993852}.Debug|Any CPU.ActiveCfg = Debug|Any CPU
		{5FFE91B7-6173-4C9F-9C0B-16C62C993852}.Debug|Any CPU.Build.0 = Debug|Any CPU
		{5FFE91B7-6173-4C9F-9C0B-16C62C993852}.Release|Any CPU.ActiveCfg = Release|Any CPU
		{5FFE91B7-6173-4C9F-9C0B-16C62C993852}.Release|Any CPU.Build.0 = Release|Any CPU
	EndGlobalSection
	GlobalSection(SolutionProperties) = preSolution
		HideSolutionNode = FALSE
	EndGlobalSection
	GlobalSection(ExtensibilityGlobals) = postSolution
		SolutionGuid = {43FEFA4F-1576-4E07-B177-E4FBCCC935CC}
	EndGlobalSection
EndGlobal
